
Microsoft Visual Studio Solution File, Format Version 12.00
# Visual Studio Version 17
VisualStudioVersion = 17.11.35219.272
MinimumVisualStudioVersion = 10.0.40219.1
Project("{8BC9CEB8-8B4A-11D0-8D11-00A0C91BC942}") = "lab-05-06", "lab-05-06\lab-05-06.vcxproj", "{A6D64C08-C3C1-432B-8527-BBD7186E45C3}"
EndProject
Project("{8BC9CEB8-8B4A-11D0-8D11-00A0C91BC942}") = "lab-03-04", "lab-03-04\lab-03-04.vcxproj", "{AB04E491-57E2-4C95-B3B7-F25648087F1F}"
EndProject
Project("{8BC9CEB8-8B4A-11D0-8D11-00A0C91BC942}") = "lab-01-02", "lab-01-02\lab-01-02.vcxproj", "{2A08CD52-0DEF-48DE-8700-92567558FF0D}"
EndProject
Project("{8BC9CEB8-8B4A-11D0-8D11-00A0C91BC942}") = "lab-07-08", "lab-07-08\lab-07-08.vcxproj", "{829923C0-87A8-4D33-B31A-FFA3E94BDC93}"
EndProject
Project("{8BC9CEB8-8B4A-11D0-8D11-00A0C91BC942}") = "lab-09-10", "lab-09-10\lab-09-10.vcxproj", "{2A09B108-FF70-4BF6-816F-EC0E92FC6202}"
EndProject
Project("{8BC9CEB8-8B4A-11D0-8D11-00A0C91BC942}") = "lab-11-12", "lab-11-12\lab-11-12.vcxproj", "{C3F7ECD8-106A-408C-B428-249362F504B1}"
EndProject
Project("{8BC9CEB8-8B4A-11D0-8D11-00A0C91BC942}") = "lab-13-14", "lab-13-14\lab-13-14.vcxproj", "{1B34DF98-311D-40EF-87CF-A704F01D1CAC}"
EndProject
Project("{8BC9CEB8-8B4A-11D0-8D11-00A0C91BC942}") = "lab-15-16", "lab-15-16\lab-15-16.vcxproj", "{04F0D95E-67DE-4C56-B7C1-1EE5DC027409}"
EndProject
Project("{8BC9CEB8-8B4A-11D0-8D11-00A0C91BC942}") = "lab-17-18", "lab-17-18\lab-17-18.vcxproj", "{7C5F560D-765C-43AC-9B49-C232198552BE}"
EndProject
Global
	GlobalSection(SolutionConfigurationPlatforms) = preSolution
		Debug|x64 = Debug|x64
		Debug|x86 = Debug|x86
		Release|x64 = Release|x64
		Release|x86 = Release|x86
	EndGlobalSection
	GlobalSection(ProjectConfigurationPlatforms) = postSolution
		{A6D64C08-C3C1-432B-8527-BBD7186E45C3}.Debug|x64.ActiveCfg = Debug|x64
		{A6D64C08-C3C1-432B-8527-BBD7186E45C3}.Debug|x64.Build.0 = Debug|x64
		{A6D64C08-C3C1-432B-8527-BBD7186E45C3}.Debug|x86.ActiveCfg = Debug|Win32
		{A6D64C08-C3C1-432B-8527-BBD7186E45C3}.Debug|x86.Build.0 = Debug|Win32
		{A6D64C08-C3C1-432B-8527-BBD7186E45C3}.Release|x64.ActiveCfg = Release|x64
		{A6D64C08-C3C1-432B-8527-BBD7186E45C3}.Release|x64.Build.0 = Release|x64
		{A6D64C08-C3C1-432B-8527-BBD7186E45C3}.Release|x86.ActiveCfg = Release|Win32
		{A6D64C08-C3C1-432B-8527-BBD7186E45C3}.Release|x86.Build.0 = Release|Win32
		{AB04E491-57E2-4C95-B3B7-F25648087F1F}.Debug|x64.ActiveCfg = Debug|x64
		{AB04E491-57E2-4C95-B3B7-F25648087F1F}.Debug|x64.Build.0 = Debug|x64
		{AB04E491-57E2-4C95-B3B7-F25648087F1F}.Debug|x86.ActiveCfg = Debug|Win32
		{AB04E491-57E2-4C95-B3B7-F25648087F1F}.Debug|x86.Build.0 = Debug|Win32
		{AB04E491-57E2-4C95-B3B7-F25648087F1F}.Release|x64.ActiveCfg = Release|x64
		{AB04E491-57E2-4C95-B3B7-F25648087F1F}.Release|x64.Build.0 = Release|x64
		{AB04E491-57E2-4C95-B3B7-F25648087F1F}.Release|x86.ActiveCfg = Release|Win32
		{AB04E491-57E2-4C95-B3B7-F25648087F1F}.Release|x86.Build.0 = Release|Win32
		{2A08CD52-0DEF-48DE-8700-92567558FF0D}.Debug|x64.ActiveCfg = Debug|x64
		{2A08CD52-0DEF-48DE-8700-92567558FF0D}.Debug|x64.Build.0 = Debug|x64
		{2A08CD52-0DEF-48DE-8700-92567558FF0D}.Debug|x86.ActiveCfg = Debug|Win32
		{2A08CD52-0DEF-48DE-8700-92567558FF0D}.Debug|x86.Build.0 = Debug|Win32
		{2A08CD52-0DEF-48DE-8700-92567558FF0D}.Release|x64.ActiveCfg = Release|x64
		{2A08CD52-0DEF-48DE-8700-92567558FF0D}.Release|x64.Build.0 = Release|x64
		{2A08CD52-0DEF-48DE-8700-92567558FF0D}.Release|x86.ActiveCfg = Release|Win32
		{2A08CD52-0DEF-48DE-8700-92567558FF0D}.Release|x86.Build.0 = Release|Win32
		{829923C0-87A8-4D33-B31A-FFA3E94BDC93}.Debug|x64.ActiveCfg = Debug|x64
		{829923C0-87A8-4D33-B31A-FFA3E94BDC93}.Debug|x64.Build.0 = Debug|x64
		{829923C0-87A8-4D33-B31A-FFA3E94BDC93}.Debug|x86.ActiveCfg = Debug|Win32
		{829923C0-87A8-4D33-B31A-FFA3E94BDC93}.Debug|x86.Build.0 = Debug|Win32
		{829923C0-87A8-4D33-B31A-FFA3E94BDC93}.Release|x64.ActiveCfg = Release|x64
		{829923C0-87A8-4D33-B31A-FFA3E94BDC93}.Release|x64.Build.0 = Release|x64
		{829923C0-87A8-4D33-B31A-FFA3E94BDC93}.Release|x86.ActiveCfg = Release|Win32
		{829923C0-87A8-4D33-B31A-FFA3E94BDC93}.Release|x86.Build.0 = Release|Win32
		{2A09B108-FF70-4BF6-816F-EC0E92FC6202}.Debug|x64.ActiveCfg = Debug|x64
		{2A09B108-FF70-4BF6-816F-EC0E92FC6202}.Debug|x64.Build.0 = Debug|x64
		{2A09B108-FF70-4BF6-816F-EC0E92FC6202}.Debug|x86.ActiveCfg = Debug|Win32
		{2A09B108-FF70-4BF6-816F-EC0E92FC6202}.Debug|x86.Build.0 = Debug|Win32
		{2A09B108-FF70-4BF6-816F-EC0E92FC6202}.Release|x64.ActiveCfg = Release|x64
		{2A09B108-FF70-4BF6-816F-EC0E92FC6202}.Release|x64.Build.0 = Release|x64
		{2A09B108-FF70-4BF6-816F-EC0E92FC6202}.Release|x86.ActiveCfg = Release|Win32
		{2A09B108-FF70-4BF6-816F-EC0E92FC6202}.Release|x86.Build.0 = Release|Win32
		{C3F7ECD8-106A-408C-B428-249362F504B1}.Debug|x64.ActiveCfg = Debug|x64
		{C3F7ECD8-106A-408C-B428-249362F504B1}.Debug|x64.Build.0 = Debug|x64
		{C3F7ECD8-106A-408C-B428-249362F504B1}.Debug|x86.ActiveCfg = Debug|Win32
		{C3F7ECD8-106A-408C-B428-249362F504B1}.Debug|x86.Build.0 = Debug|Win32
		{C3F7ECD8-106A-408C-B428-249362F504B1}.Release|x64.ActiveCfg = Release|x64
		{C3F7ECD8-106A-408C-B428-249362F504B1}.Release|x64.Build.0 = Release|x64
		{C3F7ECD8-106A-408C-B428-249362F504B1}.Release|x86.ActiveCfg = Release|Win32
		{C3F7ECD8-106A-408C-B428-249362F504B1}.Release|x86.Build.0 = Release|Win32
		{1B34DF98-311D-40EF-87CF-A704F01D1CAC}.Debug|x64.ActiveCfg = Debug|x64
		{1B34DF98-311D-40EF-87CF-A704F01D1CAC}.Debug|x64.Build.0 = Debug|x64
		{1B34DF98-311D-40EF-87CF-A704F01D1CAC}.Debug|x86.ActiveCfg = Debug|Win32
		{1B34DF98-311D-40EF-87CF-A704F01D1CAC}.Debug|x86.Build.0 = Debug|Win32
		{1B34DF98-311D-40EF-87CF-A704F01D1CAC}.Release|x64.ActiveCfg = Release|x64
		{1B34DF98-311D-40EF-87CF-A704F01D1CAC}.Release|x64.Build.0 = Release|x64
		{1B34DF98-311D-40EF-87CF-A704F01D1CAC}.Release|x86.ActiveCfg = Release|Win32
		{1B34DF98-311D-40EF-87CF-A704F01D1CAC}.Release|x86.Build.0 = Release|Win32
		{04F0D95E-67DE-4C56-B7C1-1EE5DC027409}.Debug|x64.ActiveCfg = Debug|x64
		{04F0D95E-67DE-4C56-B7C1-1EE5DC027409}.Debug|x64.Build.0 = Debug|x64
		{04F0D95E-67DE-4C56-B7C1-1EE5DC027409}.Debug|x86.ActiveCfg = Debug|Win32
		{04F0D95E-67DE-4C56-B7C1-1EE5DC027409}.Debug|x86.Build.0 = Debug|Win32
		{04F0D95E-67DE-4C56-B7C1-1EE5DC027409}.Release|x64.ActiveCfg = Release|x64
		{04F0D95E-67DE-4C56-B7C1-1EE5DC027409}.Release|x64.Build.0 = Release|x64
		{04F0D95E-67DE-4C56-B7C1-1EE5DC027409}.Release|x86.ActiveCfg = Release|Win32
		{04F0D95E-67DE-4C56-B7C1-1EE5DC027409}.Release|x86.Build.0 = Release|Win32
		{7C5F560D-765C-43AC-9B49-C232198552BE}.Debug|x64.ActiveCfg = Debug|x64
		{7C5F560D-765C-43AC-9B49-C232198552BE}.Debug|x64.Build.0 = Debug|x64
		{7C5F560D-765C-43AC-9B49-C232198552BE}.Debug|x86.ActiveCfg = Debug|Win32
		{7C5F560D-765C-43AC-9B49-C232198552BE}.Debug|x86.Build.0 = Debug|Win32
		{7C5F560D-765C-43AC-9B49-C232198552BE}.Release|x64.ActiveCfg = Release|x64
		{7C5F560D-765C-43AC-9B49-C232198552BE}.Release|x64.Build.0 = Release|x64
		{7C5F560D-765C-43AC-9B49-C232198552BE}.Release|x86.ActiveCfg = Release|Win32
		{7C5F560D-765C-43AC-9B49-C232198552BE}.Release|x86.Build.0 = Release|Win32
	EndGlobalSection
	GlobalSection(SolutionProperties) = preSolution
		HideSolutionNode = FALSE
	EndGlobalSection
	GlobalSection(ExtensibilityGlobals) = postSolution
		SolutionGuid = {B075B2A5-E08A-4EF4-87A0-ACD71AC4B355}
	EndGlobalSection
EndGlobal
